
Microsoft Visual Studio Solution File, Format Version 12.00
# Visual Studio 15
VisualStudioVersion = 15.0.26730.10
MinimumVisualStudioVersion = 10.0.40219.1
Project("{9A19103F-16F7-4668-BE54-9A1E7A4F7556}") = "Morph", "Morph\Morph.csproj", "{DADF484C-5D2A-48E8-BD0D-21310977409C}"
EndProject
Project("{9A19103F-16F7-4668-BE54-9A1E7A4F7556}") = "Morph.Tests", "Morph.Tests\Morph.Tests.csproj", "{5D1804B4-66A1-4A0D-94A1-48C4049987A7}"
EndProject
Global
	GlobalSection(SolutionConfigurationPlatforms) = preSolution
		Debug|Any CPU = Debug|Any CPU
		Release|Any CPU = Release|Any CPU
	EndGlobalSection
	GlobalSection(ProjectConfigurationPlatforms) = postSolution
		{DADF484C-5D2A-48E8-BD0D-21310977409C}.Debug|Any CPU.ActiveCfg = Debug|Any CPU
		{DADF484C-5D2A-48E8-BD0D-21310977409C}.Debug|Any CPU.Build.0 = Debug|Any CPU
		{DADF484C-5D2A-48E8-BD0D-21310977409C}.Release|Any CPU.ActiveCfg = Release|Any CPU
		{DADF484C-5D2A-48E8-BD0D-21310977409C}.Release|Any CPU.Build.0 = Release|Any CPU
		{5D1804B4-66A1-4A0D-94A1-48C4049987A7}.Debug|Any CPU.ActiveCfg = Debug|Any CPU
		{5D1804B4-66A1-4A0D-94A1-48C4049987A7}.Debug|Any CPU.Build.0 = Debug|Any CPU
		{5D1804B4-66A1-4A0D-94A1-48C4049987A7}.Release|Any CPU.ActiveCfg = Release|Any CPU
		{5D1804B4-66A1-4A0D-94A1-48C4049987A7}.Release|Any CPU.Build.0 = Release|Any CPU
	EndGlobalSection
	GlobalSection(SolutionProperties) = preSolution
		HideSolutionNode = FALSE
	EndGlobalSection
	GlobalSection(ExtensibilityGlobals) = postSolution
		SolutionGuid = {742350EB-2EAD-4F7B-922E-A848CCC6BED6}
	EndGlobalSection
EndGlobal
